
Microsoft Visual Studio Solution File, Format Version 12.00
# Visual Studio 14
VisualStudioVersion = 14.0.25420.1
MinimumVisualStudioVersion = 10.0.40219.1
Project("{8BC9CEB8-8B4A-11D0-8D11-00A0C91BC942}") = "Avocado.Game", "avocado.game\avocado.game.vcxproj", "{354D04D4-3332-446B-8921-9A4929EDF99A}"
EndProject
Project("{8BC9CEB8-8B4A-11D0-8D11-00A0C91BC942}") = "Avocado.Game.Tests", "Avocado.Game.Tests\Avocado.Game.Tests.vcxproj", "{E8C7C3B3-A40C-4552-A7EB-3A881DC7784C}"
EndProject
Project("{8BC9CEB8-8B4A-11D0-8D11-00A0C91BC942}") = "Avocado.Network", "Avocado.Network\Avocado.Network.vcxproj", "{05FF4EBE-F146-4187-8E94-EDD621B14E77}"
EndProject
Global
	GlobalSection(SolutionConfigurationPlatforms) = preSolution
		Debug|ARM = Debug|ARM
		Debug|ARM64 = Debug|ARM64
		Debug|x64 = Debug|x64
		Debug|x86 = Debug|x86
		Release|ARM = Release|ARM
		Release|ARM64 = Release|ARM64
		Release|x64 = Release|x64
		Release|x86 = Release|x86
	EndGlobalSection
	GlobalSection(ProjectConfigurationPlatforms) = postSolution
		{354D04D4-3332-446B-8921-9A4929EDF99A}.Debug|ARM.ActiveCfg = Debug|Win32
		{354D04D4-3332-446B-8921-9A4929EDF99A}.Debug|ARM64.ActiveCfg = Debug|Win32
		{354D04D4-3332-446B-8921-9A4929EDF99A}.Debug|x64.ActiveCfg = Debug|x64
		{354D04D4-3332-446B-8921-9A4929EDF99A}.Debug|x64.Build.0 = Debug|x64
		{354D04D4-3332-446B-8921-9A4929EDF99A}.Debug|x86.ActiveCfg = Debug|Win32
		{354D04D4-3332-446B-8921-9A4929EDF99A}.Debug|x86.Build.0 = Debug|Win32
		{354D04D4-3332-446B-8921-9A4929EDF99A}.Release|ARM.ActiveCfg = Release|Win32
		{354D04D4-3332-446B-8921-9A4929EDF99A}.Release|ARM64.ActiveCfg = Release|Win32
		{354D04D4-3332-446B-8921-9A4929EDF99A}.Release|x64.ActiveCfg = Release|x64
		{354D04D4-3332-446B-8921-9A4929EDF99A}.Release|x64.Build.0 = Release|x64
		{354D04D4-3332-446B-8921-9A4929EDF99A}.Release|x86.ActiveCfg = Release|Win32
		{354D04D4-3332-446B-8921-9A4929EDF99A}.Release|x86.Build.0 = Release|Win32
		{E8C7C3B3-A40C-4552-A7EB-3A881DC7784C}.Debug|ARM.ActiveCfg = Debug|Win32
		{E8C7C3B3-A40C-4552-A7EB-3A881DC7784C}.Debug|ARM64.ActiveCfg = Debug|Win32
		{E8C7C3B3-A40C-4552-A7EB-3A881DC7784C}.Debug|x64.ActiveCfg = Debug|x64
		{E8C7C3B3-A40C-4552-A7EB-3A881DC7784C}.Debug|x64.Build.0 = Debug|x64
		{E8C7C3B3-A40C-4552-A7EB-3A881DC7784C}.Debug|x86.ActiveCfg = Debug|Win32
		{E8C7C3B3-A40C-4552-A7EB-3A881DC7784C}.Debug|x86.Build.0 = Debug|Win32
		{E8C7C3B3-A40C-4552-A7EB-3A881DC7784C}.Release|ARM.ActiveCfg = Release|Win32
		{E8C7C3B3-A40C-4552-A7EB-3A881DC7784C}.Release|ARM64.ActiveCfg = Release|Win32
		{E8C7C3B3-A40C-4552-A7EB-3A881DC7784C}.Release|x64.ActiveCfg = Release|x64
		{E8C7C3B3-A40C-4552-A7EB-3A881DC7784C}.Release|x64.Build.0 = Release|x64
		{E8C7C3B3-A40C-4552-A7EB-3A881DC7784C}.Release|x86.ActiveCfg = Release|Win32
		{E8C7C3B3-A40C-4552-A7EB-3A881DC7784C}.Release|x86.Build.0 = Release|Win32
		{05FF4EBE-F146-4187-8E94-EDD621B14E77}.Debug|ARM.ActiveCfg = Debug|Win32
		{05FF4EBE-F146-4187-8E94-EDD621B14E77}.Debug|ARM64.ActiveCfg = Debug|Win32
		{05FF4EBE-F146-4187-8E94-EDD621B14E77}.Debug|x64.ActiveCfg = Debug|x64
		{05FF4EBE-F146-4187-8E94-EDD621B14E77}.Debug|x64.Build.0 = Debug|x64
		{05FF4EBE-F146-4187-8E94-EDD621B14E77}.Debug|x86.ActiveCfg = Debug|Win32
		{05FF4EBE-F146-4187-8E94-EDD621B14E77}.Debug|x86.Build.0 = Debug|Win32
		{05FF4EBE-F146-4187-8E94-EDD621B14E77}.Release|ARM.ActiveCfg = Release|Win32
		{05FF4EBE-F146-4187-8E94-EDD621B14E77}.Release|ARM64.ActiveCfg = Release|Win32
		{05FF4EBE-F146-4187-8E94-EDD621B14E77}.Release|x64.ActiveCfg = Release|x64
		{05FF4EBE-F146-4187-8E94-EDD621B14E77}.Release|x64.Build.0 = Release|x64
		{05FF4EBE-F146-4187-8E94-EDD621B14E77}.Release|x86.ActiveCfg = Release|Win32
		{05FF4EBE-F146-4187-8E94-EDD621B14E77}.Release|x86.Build.0 = Release|Win32
	EndGlobalSection
	GlobalSection(SolutionProperties) = preSolution
		HideSolutionNode = FALSE
	EndGlobalSection
EndGlobal
