<?xml version="1.0" encoding="utf-8"?>
<Project ToolsVersion="4.0" xmlns="http://schemas.microsoft.com/developer/msbuild/2003">
  <ItemGroup>
    <Filter Include="Source Files">
      <UniqueIdentifier>{4FC737F1-C7A5-4376-A066-2A32D752A2FF}</UniqueIdentifier>
      <Extensions>cpp;c;cc;cxx;def;odl;idl;hpj;bat;asm;asmx</Extensions>
    </Filter>
    <Filter Include="Header Files">
      <UniqueIdentifier>{93995380-89BD-4b04-88EB-625FBE52EBFB}</UniqueIdentifier>
      <Extensions>h;hh;hpp;hxx;hm;inl;inc;xsd</Extensions>
    </Filter>
    <Filter Include="Resource Files">
      <UniqueIdentifier>{67DA6AB6-F800-4c08-8B7A-83BB121AAD01}</UniqueIdentifier>
      <Extensions>rc;ico;cur;bmp;dlg;rc2;rct;bin;rgs;gif;jpg;jpeg;jpe;resx;tiff;tif;png;wav;mfcribbon-ms</Extensions>
    </Filter>
    <Filter Include="Source Files\Commands">
      <UniqueIdentifier>{623f85ed-f61a-4f5a-895c-49549369d497}</UniqueIdentifier>
    </Filter>
    <Filter Include="Header Files\Commands">
      <UniqueIdentifier>{e397b6af-1d76-4883-9f70-fc375ba502f4}</UniqueIdentifier>
    </Filter>
    <Filter Include="Source Files\Models">
      <UniqueIdentifier>{aa866a8a-1301-4cca-ad66-285e9466ebc3}</UniqueIdentifier>
    </Filter>
    <Filter Include="Header Files\Models">
      <UniqueIdentifier>{faa60b36-b1d7-4e93-b9ab-18d794a134af}</UniqueIdentifier>
    </Filter>
    <Filter Include="Header Files\Animation">
      <UniqueIdentifier>{c57eaf7e-d1c1-4dab-9cb8-30dbdbb0fafe}</UniqueIdentifier>
    </Filter>
    <Filter Include="Source Files\Animation">
      <UniqueIdentifier>{fc5f3b58-43d6-4a4f-a8d6-741541e0f387}</UniqueIdentifier>
    </Filter>
    <Filter Include="Source Files\Models\Board">
      <UniqueIdentifier>{a0085a54-f15c-4bab-a5d9-b1f92a4e5a12}</UniqueIdentifier>
    </Filter>
    <Filter Include="Header Files\Models\Board">
      <UniqueIdentifier>{0083b76a-19f2-4edc-873a-137fdb4a5f0e}</UniqueIdentifier>
    </Filter>
    <Filter Include="Header Files\Models\Tiles">
      <UniqueIdentifier>{db02116f-73af-4f73-9097-bdababffcd8f}</UniqueIdentifier>
    </Filter>
    <Filter Include="Source Files\Models\Tiles">
      <UniqueIdentifier>{e07db2a6-d3cb-4f6d-b3e4-16896b613b8e}</UniqueIdentifier>
    </Filter>
  </ItemGroup>
  <ItemGroup>
    <Text Include="ReadMe.txt" />
  </ItemGroup>
  <ItemGroup>
    <ClInclude Include="stdafx.h">
      <Filter>Header Files</Filter>
    </ClInclude>
    <ClInclude Include="targetver.h">
      <Filter>Header Files</Filter>
    </ClInclude>
    <ClInclude Include="CommandBase.h">
      <Filter>Header Files\Commands</Filter>
    </ClInclude>
    <ClInclude Include="KingMoveAnimation.h">
      <Filter>Header Files\Animation</Filter>
    </ClInclude>
    <ClInclude Include="King.h">
      <Filter>Header Files\Models</Filter>
    </ClInclude>
    <ClInclude Include="Men.h">
      <Filter>Header Files\Models</Filter>
    </ClInclude>
    <ClInclude Include="Game.h">
      <Filter>Header Files</Filter>
    </ClInclude>
    <ClInclude Include="Board.h">
      <Filter>Header Files\Models\Board</Filter>
    </ClInclude>
    <ClInclude Include="BoardStateBase.h">
      <Filter>Header Files\Models\Board</Filter>
    </ClInclude>
    <ClInclude Include="BoardStateReady.h">
      <Filter>Header Files\Models\Board</Filter>
    </ClInclude>
    <ClInclude Include="Tile.h">
      <Filter>Header Files\Models\Tiles</Filter>
    </ClInclude>
    <ClInclude Include="GameContext.h">
      <Filter>Header Files</Filter>
    </ClInclude>
    <ClInclude Include="StoneBase.h">
      <Filter>Header Files</Filter>
    </ClInclude>
    <ClInclude Include="BoardStateStoneSelected.h">
      <Filter>Header Files\Models\Board</Filter>
    </ClInclude>
    <ClInclude Include="MoveCommand.h">
      <Filter>Header Files\Commands</Filter>
    </ClInclude>
    <ClInclude Include="TileGraphics.h">
      <Filter>Header Files\Models\Tiles</Filter>
    </ClInclude>
    <ClInclude Include="TileGraphicsBase.h">
      <Filter>Header Files\Models\Tiles</Filter>
    </ClInclude>
    <ClInclude Include="GameTexture.h">
      <Filter>Header Files</Filter>
    </ClInclude>
    <ClInclude Include="TileFactory.h">
      <Filter>Header Files\Models\Tiles</Filter>
    </ClInclude>
    <ClInclude Include="GameEntity.h">
      <Filter>Header Files</Filter>
    </ClInclude>
  </ItemGroup>
  <ItemGroup>
    <ClCompile Include="stdafx.cpp">
      <Filter>Source Files</Filter>
    </ClCompile>
    <ClCompile Include="CommandBase.cpp">
      <Filter>Source Files\Commands</Filter>
    </ClCompile>
    <ClCompile Include="KingMoveAnimation.cpp">
      <Filter>Source Files\Animation</Filter>
    </ClCompile>
    <ClCompile Include="King.cpp">
      <Filter>Source Files\Models</Filter>
    </ClCompile>
    <ClCompile Include="Men.cpp">
      <Filter>Source Files\Models</Filter>
    </ClCompile>
    <ClCompile Include="Game.cpp">
      <Filter>Source Files</Filter>
    </ClCompile>
    <ClCompile Include="Board.cpp">
      <Filter>Source Files\Models\Board</Filter>
    </ClCompile>
    <ClCompile Include="BoardStateBase.cpp">
      <Filter>Source Files\Models\Board</Filter>
    </ClCompile>
    <ClCompile Include="BoardStateReady.cpp">
      <Filter>Source Files\Models\Board</Filter>
    </ClCompile>
    <ClCompile Include="Tile.cpp">
      <Filter>Source Files\Models\Tiles</Filter>
    </ClCompile>
    <ClCompile Include="GameContext.cpp">
      <Filter>Source Files</Filter>
    </ClCompile>
    <ClCompile Include="StoneBase.cpp">
      <Filter>Source Files</Filter>
    </ClCompile>
    <ClCompile Include="BoardStateStoneSelected.cpp">
      <Filter>Source Files\Models\Board</Filter>
    </ClCompile>
    <ClCompile Include="MoveCommand.cpp">
      <Filter>Source Files\Commands</Filter>
    </ClCompile>
    <ClCompile Include="TileGraphics.cpp">
      <Filter>Source Files\Models\Tiles</Filter>
    </ClCompile>
    <ClCompile Include="TileGraphicsBase.cpp">
      <Filter>Source Files\Models\Tiles</Filter>
    </ClCompile>
    <ClCompile Include="GameTexture.cpp">
      <Filter>Source Files</Filter>
    </ClCompile>
    <ClCompile Include="TileFactory.cpp">
      <Filter>Source Files\Models\Tiles</Filter>
    </ClCompile>
    <ClCompile Include="GameEntity.cpp">
      <Filter>Source Files</Filter>
    </ClCompile>
  </ItemGroup>
</Project>